
Microsoft Visual Studio Solution File, Format Version 12.00
# Visual Studio Version 17
VisualStudioVersion = 17.4.33122.133
MinimumVisualStudioVersion = 10.0.40219.1
Project("{FAE04EC0-301F-11D3-BF4B-00C04F79EFBC}") = "CatalogApi", "CatalogApi\CatalogApi.csproj", "{61C8DA15-8C8B-434E-9A2B-AE0961CE07FF}"
EndProject
Global
	GlobalSection(SolutionConfigurationPlatforms) = preSolution
		Debug|Any CPU = Debug|Any CPU
		Release|Any CPU = Release|Any CPU
	EndGlobalSection
	GlobalSection(ProjectConfigurationPlatforms) = postSolution
		{61C8DA15-8C8B-434E-9A2B-AE0961CE07FF}.Debug|Any CPU.ActiveCfg = Debug|Any CPU
		{61C8DA15-8C8B-434E-9A2B-AE0961CE07FF}.Debug|Any CPU.Build.0 = Debug|Any CPU
		{61C8DA15-8C8B-434E-9A2B-AE0961CE07FF}.Release|Any CPU.ActiveCfg = Release|Any CPU
		{61C8DA15-8C8B-434E-9A2B-AE0961CE07FF}.Release|Any CPU.Build.0 = Release|Any CPU
	EndGlobalSection
	GlobalSection(SolutionProperties) = preSolution
		HideSolutionNode = FALSE
	EndGlobalSection
	GlobalSection(ExtensibilityGlobals) = postSolution
		SolutionGuid = {A06B89E7-2F01-4F83-BB14-A95EFA85139E}
	EndGlobalSection
EndGlobal
